
Microsoft Visual Studio Solution File, Format Version 12.00
# Visual Studio Version 17
VisualStudioVersion = 17.1.32210.238
MinimumVisualStudioVersion = 10.0.40219.1
Project("{9A19103F-16F7-4668-BE54-9A1E7A4F7556}") = "Algorithms", "Algorithms\Algorithms.csproj", "{C17E6420-3E1D-4904-897C-3334B4B221A3}"
EndProject
Project("{9A19103F-16F7-4668-BE54-9A1E7A4F7556}") = "Algorithms.Lib", "Algorithms.Lib\Algorithms.Lib.csproj", "{B11BFE9C-A893-4791-B672-3893C8862D4E}"
EndProject
Project("{FAE04EC0-301F-11D3-BF4B-00C04F79EFBC}") = "Algorithms.Tests", "Algorithms.Tests\Algorithms.Tests.csproj", "{026F0B15-0DD2-40AE-B9E3-30EBA3357F23}"
EndProject
Global
	GlobalSection(SolutionConfigurationPlatforms) = preSolution
		Debug|Any CPU = Debug|Any CPU
		Release|Any CPU = Release|Any CPU
	EndGlobalSection
	GlobalSection(ProjectConfigurationPlatforms) = postSolution
		{C17E6420-3E1D-4904-897C-3334B4B221A3}.Debug|Any CPU.ActiveCfg = Debug|Any CPU
		{C17E6420-3E1D-4904-897C-3334B4B221A3}.Debug|Any CPU.Build.0 = Debug|Any CPU
		{C17E6420-3E1D-4904-897C-3334B4B221A3}.Release|Any CPU.ActiveCfg = Release|Any CPU
		{C17E6420-3E1D-4904-897C-3334B4B221A3}.Release|Any CPU.Build.0 = Release|Any CPU
		{B11BFE9C-A893-4791-B672-3893C8862D4E}.Debug|Any CPU.ActiveCfg = Debug|Any CPU
		{B11BFE9C-A893-4791-B672-3893C8862D4E}.Debug|Any CPU.Build.0 = Debug|Any CPU
		{B11BFE9C-A893-4791-B672-3893C8862D4E}.Release|Any CPU.ActiveCfg = Release|Any CPU
		{B11BFE9C-A893-4791-B672-3893C8862D4E}.Release|Any CPU.Build.0 = Release|Any CPU
		{026F0B15-0DD2-40AE-B9E3-30EBA3357F23}.Debug|Any CPU.ActiveCfg = Debug|Any CPU
		{026F0B15-0DD2-40AE-B9E3-30EBA3357F23}.Debug|Any CPU.Build.0 = Debug|Any CPU
		{026F0B15-0DD2-40AE-B9E3-30EBA3357F23}.Release|Any CPU.ActiveCfg = Release|Any CPU
		{026F0B15-0DD2-40AE-B9E3-30EBA3357F23}.Release|Any CPU.Build.0 = Release|Any CPU
	EndGlobalSection
	GlobalSection(SolutionProperties) = preSolution
		HideSolutionNode = FALSE
	EndGlobalSection
	GlobalSection(ExtensibilityGlobals) = postSolution
		SolutionGuid = {3E95FA8F-E717-4E39-83CB-56D25712A590}
	EndGlobalSection
EndGlobal
